
Microsoft Visual Studio Solution File, Format Version 12.00
# Visual Studio 2012
Project("{F184B08F-C81C-45F6-A57F-5ABD9991F28F}") = "Service_AutoRestast_Beep", "Service_AutoRestast_Beep\Service_AutoRestast_Beep.vbproj", "{30DC27BB-0C17-4328-B578-D5B300C9738C}"
EndProject
Global
	GlobalSection(SolutionConfigurationPlatforms) = preSolution
		Debug|Any CPU = Debug|Any CPU
		Release|Any CPU = Release|Any CPU
	EndGlobalSection
	GlobalSection(ProjectConfigurationPlatforms) = postSolution
		{30DC27BB-0C17-4328-B578-D5B300C9738C}.Debug|Any CPU.ActiveCfg = Debug|Any CPU
		{30DC27BB-0C17-4328-B578-D5B300C9738C}.Debug|Any CPU.Build.0 = Debug|Any CPU
		{30DC27BB-0C17-4328-B578-D5B300C9738C}.Release|Any CPU.ActiveCfg = Release|Any CPU
		{30DC27BB-0C17-4328-B578-D5B300C9738C}.Release|Any CPU.Build.0 = Release|Any CPU
	EndGlobalSection
	GlobalSection(SolutionProperties) = preSolution
		HideSolutionNode = FALSE
	EndGlobalSection
EndGlobal
